
Microsoft Visual Studio Solution File, Format Version 12.00
# Visual Studio Version 17
VisualStudioVersion = 17.7.34009.444
MinimumVisualStudioVersion = 10.0.40219.1
Project("{9A19103F-16F7-4668-BE54-9A1E7A4F7556}") = "ILoggerTraining", "ILoggerTraining.csproj", "{6CFAC874-9E71-4DA5-87FD-A2D6D5DB0C18}"
EndProject
Project("{9A19103F-16F7-4668-BE54-9A1E7A4F7556}") = "ILoggerTraining.UnitTests", "..\ILoggerTraining.UnitTests\ILoggerTraining.UnitTests.csproj", "{411C1F8F-FC5C-4569-955D-16B548537D02}"
EndProject
Global
	GlobalSection(SolutionConfigurationPlatforms) = preSolution
		Debug|Any CPU = Debug|Any CPU
		Local|Any CPU = Local|Any CPU
		Release|Any CPU = Release|Any CPU
	EndGlobalSection
	GlobalSection(ProjectConfigurationPlatforms) = postSolution
		{6CFAC874-9E71-4DA5-87FD-A2D6D5DB0C18}.Debug|Any CPU.ActiveCfg = Debug|Any CPU
		{6CFAC874-9E71-4DA5-87FD-A2D6D5DB0C18}.Debug|Any CPU.Build.0 = Debug|Any CPU
		{6CFAC874-9E71-4DA5-87FD-A2D6D5DB0C18}.Local|Any CPU.ActiveCfg = Local|Any CPU
		{6CFAC874-9E71-4DA5-87FD-A2D6D5DB0C18}.Local|Any CPU.Build.0 = Local|Any CPU
		{6CFAC874-9E71-4DA5-87FD-A2D6D5DB0C18}.Release|Any CPU.ActiveCfg = Release|Any CPU
		{6CFAC874-9E71-4DA5-87FD-A2D6D5DB0C18}.Release|Any CPU.Build.0 = Release|Any CPU
		{411C1F8F-FC5C-4569-955D-16B548537D02}.Debug|Any CPU.ActiveCfg = Debug|Any CPU
		{411C1F8F-FC5C-4569-955D-16B548537D02}.Debug|Any CPU.Build.0 = Debug|Any CPU
		{411C1F8F-FC5C-4569-955D-16B548537D02}.Local|Any CPU.ActiveCfg = Local|Any CPU
		{411C1F8F-FC5C-4569-955D-16B548537D02}.Local|Any CPU.Build.0 = Local|Any CPU
		{411C1F8F-FC5C-4569-955D-16B548537D02}.Release|Any CPU.ActiveCfg = Release|Any CPU
		{411C1F8F-FC5C-4569-955D-16B548537D02}.Release|Any CPU.Build.0 = Release|Any CPU
	EndGlobalSection
	GlobalSection(SolutionProperties) = preSolution
		HideSolutionNode = FALSE
	EndGlobalSection
	GlobalSection(ExtensibilityGlobals) = postSolution
		SolutionGuid = {73DA8111-CE1A-4EAE-9AF7-5E824F5D97C0}
	EndGlobalSection
EndGlobal
